
Microsoft Visual Studio Solution File, Format Version 12.00
# Visual Studio Version 17
VisualStudioVersion = 17.1.32210.238
MinimumVisualStudioVersion = 10.0.40219.1
Project("{9A19103F-16F7-4668-BE54-9A1E7A4F7556}") = "Veille Technologique", "Veille Technologique\Veille Technologique.csproj", "{F65D918B-9DF2-4B7A-BE0E-0674CF4E0F2E}"
EndProject
Global
	GlobalSection(SolutionConfigurationPlatforms) = preSolution
		Debug|Any CPU = Debug|Any CPU
		Release|Any CPU = Release|Any CPU
	EndGlobalSection
	GlobalSection(ProjectConfigurationPlatforms) = postSolution
		{F65D918B-9DF2-4B7A-BE0E-0674CF4E0F2E}.Debug|Any CPU.ActiveCfg = Debug|Any CPU
		{F65D918B-9DF2-4B7A-BE0E-0674CF4E0F2E}.Debug|Any CPU.Build.0 = Debug|Any CPU
		{F65D918B-9DF2-4B7A-BE0E-0674CF4E0F2E}.Release|Any CPU.ActiveCfg = Release|Any CPU
		{F65D918B-9DF2-4B7A-BE0E-0674CF4E0F2E}.Release|Any CPU.Build.0 = Release|Any CPU
	EndGlobalSection
	GlobalSection(SolutionProperties) = preSolution
		HideSolutionNode = FALSE
	EndGlobalSection
	GlobalSection(ExtensibilityGlobals) = postSolution
		SolutionGuid = {A12E7113-1F97-42BF-83DE-B4F328C13B07}
	EndGlobalSection
EndGlobal
